<Solution>
  <Project Path="CustomToolbar.csproj" />
  <Project Path="Assembly-CSharp-Editor.csproj" />
  <Project Path="Cozy.Builder.Hexagons.csproj" />
  <Project Path="Cozy.Builder.Game.csproj" />
  <Project Path="Cozy.Builder.Input.csproj" />
  <Project Path="Cozy.Builder.Utility.csproj" />
  <Project Path="Assembly-CSharp.csproj" />
  <Project Path="Cozy.Builder.Messaging.csproj" />
  <Project Path="Cozy.Builder.Camera.csproj" />
</Solution>
